
Microsoft Visual Studio Solution File, Format Version 12.00
# Visual Studio Version 17
VisualStudioVersion = 17.1.32113.165
MinimumVisualStudioVersion = 10.0.40219.1
Project("{9A19103F-16F7-4668-BE54-9A1E7A4F7556}") = "EF2.DB_Lib", "EF2.DB_Lib\EF2.DB_Lib.csproj", "{29546D2B-6044-4801-9C65-48572A6DE747}"
EndProject
Project("{FAE04EC0-301F-11D3-BF4B-00C04F79EFBC}") = "EF2.Model", "EF2.Model\EF2.Model.csproj", "{54DA106F-3A12-4A70-97BD-2F6FDCBA5C58}"
EndProject
Global
	GlobalSection(SolutionConfigurationPlatforms) = preSolution
		Debug|Any CPU = Debug|Any CPU
		Release|Any CPU = Release|Any CPU
	EndGlobalSection
	GlobalSection(ProjectConfigurationPlatforms) = postSolution
		{29546D2B-6044-4801-9C65-48572A6DE747}.Debug|Any CPU.ActiveCfg = Debug|Any CPU
		{29546D2B-6044-4801-9C65-48572A6DE747}.Debug|Any CPU.Build.0 = Debug|Any CPU
		{29546D2B-6044-4801-9C65-48572A6DE747}.Release|Any CPU.ActiveCfg = Release|Any CPU
		{29546D2B-6044-4801-9C65-48572A6DE747}.Release|Any CPU.Build.0 = Release|Any CPU
		{54DA106F-3A12-4A70-97BD-2F6FDCBA5C58}.Debug|Any CPU.ActiveCfg = Debug|Any CPU
		{54DA106F-3A12-4A70-97BD-2F6FDCBA5C58}.Debug|Any CPU.Build.0 = Debug|Any CPU
		{54DA106F-3A12-4A70-97BD-2F6FDCBA5C58}.Release|Any CPU.ActiveCfg = Release|Any CPU
		{54DA106F-3A12-4A70-97BD-2F6FDCBA5C58}.Release|Any CPU.Build.0 = Release|Any CPU
	EndGlobalSection
	GlobalSection(SolutionProperties) = preSolution
		HideSolutionNode = FALSE
	EndGlobalSection
	GlobalSection(ExtensibilityGlobals) = postSolution
		SolutionGuid = {35FA19D7-4ADE-43D6-8511-AECD9B7BBE56}
	EndGlobalSection
EndGlobal
